
Microsoft Visual Studio Solution File, Format Version 12.00
# Visual Studio Version 17
VisualStudioVersion = 17.5.002.0
MinimumVisualStudioVersion = 10.0.40219.1
Project("{9A19103F-16F7-4668-BE54-9A1E7A4F7556}") = "Lista de exercicios 1", "Lista de exercicios 1.csproj", "{E69B287C-7271-4817-A0EE-7A8779533B1C}"
EndProject
Global
	GlobalSection(SolutionConfigurationPlatforms) = preSolution
		Debug|Any CPU = Debug|Any CPU
		Release|Any CPU = Release|Any CPU
	EndGlobalSection
	GlobalSection(ProjectConfigurationPlatforms) = postSolution
		{E69B287C-7271-4817-A0EE-7A8779533B1C}.Debug|Any CPU.ActiveCfg = Debug|Any CPU
		{E69B287C-7271-4817-A0EE-7A8779533B1C}.Debug|Any CPU.Build.0 = Debug|Any CPU
		{E69B287C-7271-4817-A0EE-7A8779533B1C}.Release|Any CPU.ActiveCfg = Release|Any CPU
		{E69B287C-7271-4817-A0EE-7A8779533B1C}.Release|Any CPU.Build.0 = Release|Any CPU
	EndGlobalSection
	GlobalSection(SolutionProperties) = preSolution
		HideSolutionNode = FALSE
	EndGlobalSection
	GlobalSection(ExtensibilityGlobals) = postSolution
		SolutionGuid = {120F2A8B-829D-4F17-92B6-E41E685782FC}
	EndGlobalSection
EndGlobal
